// !$*UTF8*$!
{
	archiveVersion = 1;
	classes = {
	};
	objectVersion = 50;
	objects = {

/* Begin PBXBuildFile section */
		5F8C7F2DE907D24263F5E28F /* Pods_HeadyIOProducts.framework in Frameworks */ = {isa = PBXBuildFile; fileRef = 956C8F16B2DDC372F37B820E /* Pods_HeadyIOProducts.framework */; };
		FA32D5CC229BE757001CC9C0 /* AppDelegate.swift in Sources */ = {isa = PBXBuildFile; fileRef = FA32D5CB229BE757001CC9C0 /* AppDelegate.swift */; };
		FA32D5CE229BE757001CC9C0 /* ViewController.swift in Sources */ = {isa = PBXBuildFile; fileRef = FA32D5CD229BE757001CC9C0 /* ViewController.swift */; };
		FA32D5D1229BE757001CC9C0 /* Main.storyboard in Resources */ = {isa = PBXBuildFile; fileRef = FA32D5CF229BE757001CC9C0 /* Main.storyboard */; };
		FA32D5D3229BE758001CC9C0 /* Assets.xcassets in Resources */ = {isa = PBXBuildFile; fileRef = FA32D5D2229BE758001CC9C0 /* Assets.xcassets */; };
		FA32D5D6229BE758001CC9C0 /* LaunchScreen.storyboard in Resources */ = {isa = PBXBuildFile; fileRef = FA32D5D4229BE758001CC9C0 /* LaunchScreen.storyboard */; };
		FA450A39229BEC8800CD1CF6 /* NetworkManager.swift in Sources */ = {isa = PBXBuildFile; fileRef = FA450A38229BEC8800CD1CF6 /* NetworkManager.swift */; };
		FA450A41229C432B00CD1CF6 /* ServiceManager.swift in Sources */ = {isa = PBXBuildFile; fileRef = FA450A40229C432B00CD1CF6 /* ServiceManager.swift */; };
		FA99B1A822A0338F00429AE3 /* ViewModel.swift in Sources */ = {isa = PBXBuildFile; fileRef = FA99B1A722A0338F00429AE3 /* ViewModel.swift */; };
		FA99B1AC22A113D500429AE3 /* ManagedObjectModel.swift in Sources */ = {isa = PBXBuildFile; fileRef = FA99B1AB22A113D500429AE3 /* ManagedObjectModel.swift */; };
		FA99B1B022A114BD00429AE3 /* Handler.swift in Sources */ = {isa = PBXBuildFile; fileRef = FA99B1AF22A114BD00429AE3 /* Handler.swift */; };
		FA99B1B522A11FFA00429AE3 /* Utilities.swift in Sources */ = {isa = PBXBuildFile; fileRef = FA99B1B422A11FFA00429AE3 /* Utilities.swift */; };
/* End PBXBuildFile section */

/* Begin PBXFileReference section */
		956C8F16B2DDC372F37B820E /* Pods_HeadyIOProducts.framework */ = {isa = PBXFileReference; explicitFileType = wrapper.framework; includeInIndex = 0; path = Pods_HeadyIOProducts.framework; sourceTree = BUILT_PRODUCTS_DIR; };
		AF4F7B448706A4452CDFBA10 /* Pods-HeadyIOProducts.debug.xcconfig */ = {isa = PBXFileReference; includeInIndex = 1; lastKnownFileType = text.xcconfig; name = "Pods-HeadyIOProducts.debug.xcconfig"; path = "Pods/Target Support Files/Pods-HeadyIOProducts/Pods-HeadyIOProducts.debug.xcconfig"; sourceTree = "<group>"; };
		B3B7B85E4AB2F2D927DC6FB0 /* Pods-HeadyIOProducts.release.xcconfig */ = {isa = PBXFileReference; includeInIndex = 1; lastKnownFileType = text.xcconfig; name = "Pods-HeadyIOProducts.release.xcconfig"; path = "Pods/Target Support Files/Pods-HeadyIOProducts/Pods-HeadyIOProducts.release.xcconfig"; sourceTree = "<group>"; };
		FA32D5C8229BE757001CC9C0 /* HeadyIOProducts.app */ = {isa = PBXFileReference; explicitFileType = wrapper.application; includeInIndex = 0; path = HeadyIOProducts.app; sourceTree = BUILT_PRODUCTS_DIR; };
		FA32D5CB229BE757001CC9C0 /* AppDelegate.swift */ = {isa = PBXFileReference; lastKnownFileType = sourcecode.swift; path = AppDelegate.swift; sourceTree = "<group>"; };
		FA32D5CD229BE757001CC9C0 /* ViewController.swift */ = {isa = PBXFileReference; lastKnownFileType = sourcecode.swift; path = ViewController.swift; sourceTree = "<group>"; };
		FA32D5D0229BE757001CC9C0 /* Base */ = {isa = PBXFileReference; lastKnownFileType = file.storyboard; name = Base; path = Base.lproj/Main.storyboard; sourceTree = "<group>"; };
		FA32D5D2229BE758001CC9C0 /* Assets.xcassets */ = {isa = PBXFileReference; lastKnownFileType = folder.assetcatalog; path = Assets.xcassets; sourceTree = "<group>"; };
		FA32D5D5229BE758001CC9C0 /* Base */ = {isa = PBXFileReference; lastKnownFileType = file.storyboard; name = Base; path = Base.lproj/LaunchScreen.storyboard; sourceTree = "<group>"; };
		FA32D5D7229BE758001CC9C0 /* Info.plist */ = {isa = PBXFileReference; lastKnownFileType = text.plist.xml; path = Info.plist; sourceTree = "<group>"; };
		FA450A38229BEC8800CD1CF6 /* NetworkManager.swift */ = {isa = PBXFileReference; lastKnownFileType = sourcecode.swift; path = NetworkManager.swift; sourceTree = "<group>"; };
		FA450A40229C432B00CD1CF6 /* ServiceManager.swift */ = {isa = PBXFileReference; fileEncoding = 4; lastKnownFileType = sourcecode.swift; path = ServiceManager.swift; sourceTree = "<group>"; };
		FA99B1A722A0338F00429AE3 /* ViewModel.swift */ = {isa = PBXFileReference; lastKnownFileType = sourcecode.swift; path = ViewModel.swift; sourceTree = "<group>"; };
		FA99B1AB22A113D500429AE3 /* ManagedObjectModel.swift */ = {isa = PBXFileReference; lastKnownFileType = sourcecode.swift; path = ManagedObjectModel.swift; sourceTree = "<group>"; };
		FA99B1AF22A114BD00429AE3 /* Handler.swift */ = {isa = PBXFileReference; lastKnownFileType = sourcecode.swift; path = Handler.swift; sourceTree = "<group>"; };
		FA99B1B422A11FFA00429AE3 /* Utilities.swift */ = {isa = PBXFileReference; lastKnownFileType = sourcecode.swift; path = Utilities.swift; sourceTree = "<group>"; };
/* End PBXFileReference section */

/* Begin PBXFrameworksBuildPhase section */
		FA32D5C5229BE757001CC9C0 /* Frameworks */ = {
			isa = PBXFrameworksBuildPhase;
			buildActionMask = 2147483647;
			files = (
				5F8C7F2DE907D24263F5E28F /* Pods_HeadyIOProducts.framework in Frameworks */,
			);
			runOnlyForDeploymentPostprocessing = 0;
		};
/* End PBXFrameworksBuildPhase section */

/* Begin PBXGroup section */
		4FF91336912AEA714FA088BF /* Pods */ = {
			isa = PBXGroup;
			children = (
				AF4F7B448706A4452CDFBA10 /* Pods-HeadyIOProducts.debug.xcconfig */,
				B3B7B85E4AB2F2D927DC6FB0 /* Pods-HeadyIOProducts.release.xcconfig */,
			);
			name = Pods;
			sourceTree = "<group>";
		};
		C3D21B9A7E2C1EE07A5A22EC /* Frameworks */ = {
			isa = PBXGroup;
			children = (
				956C8F16B2DDC372F37B820E /* Pods_HeadyIOProducts.framework */,
			);
			name = Frameworks;
			sourceTree = "<group>";
		};
		FA32D5BF229BE757001CC9C0 = {
			isa = PBXGroup;
			children = (
				FA32D5CA229BE757001CC9C0 /* HeadyIOProducts */,
				FA99B1B122A11C7600429AE3 /* Resources */,
				FA32D5C9229BE757001CC9C0 /* Products */,
				4FF91336912AEA714FA088BF /* Pods */,
				C3D21B9A7E2C1EE07A5A22EC /* Frameworks */,
			);
			sourceTree = "<group>";
		};
		FA32D5C9229BE757001CC9C0 /* Products */ = {
			isa = PBXGroup;
			children = (
				FA32D5C8229BE757001CC9C0 /* HeadyIOProducts.app */,
			);
			name = Products;
			sourceTree = "<group>";
		};
		FA32D5CA229BE757001CC9C0 /* HeadyIOProducts */ = {
			isa = PBXGroup;
			children = (
				FA32D5CB229BE757001CC9C0 /* AppDelegate.swift */,
				FA32D5D7229BE758001CC9C0 /* Info.plist */,
				FA99B1B322A11FD600429AE3 /* Utils */,
				FA99B1B222A11C9200429AE3 /* View */,
				FA99B1AD22A1148900429AE3 /* Model */,
				FA99B1A622A0337E00429AE3 /* ViewModel */,
				FA450A37229BEC5600CD1CF6 /* Manager */,
				FA99B1AE22A114A200429AE3 /* Handler */,
			);
			path = HeadyIOProducts;
			sourceTree = "<group>";
		};
		FA450A37229BEC5600CD1CF6 /* Manager */ = {
			isa = PBXGroup;
			children = (
				FA450A38229BEC8800CD1CF6 /* NetworkManager.swift */,
				FA450A40229C432B00CD1CF6 /* ServiceManager.swift */,
			);
			path = Manager;
			sourceTree = "<group>";
		};
		FA99B1A622A0337E00429AE3 /* ViewModel */ = {
			isa = PBXGroup;
			children = (
				FA99B1A722A0338F00429AE3 /* ViewModel.swift */,
			);
			path = ViewModel;
			sourceTree = "<group>";
		};
		FA99B1AD22A1148900429AE3 /* Model */ = {
			isa = PBXGroup;
			children = (
				FA99B1AB22A113D500429AE3 /* ManagedObjectModel.swift */,
			);
			path = Model;
			sourceTree = "<group>";
		};
		FA99B1AE22A114A200429AE3 /* Handler */ = {
			isa = PBXGroup;
			children = (
				FA99B1AF22A114BD00429AE3 /* Handler.swift */,
			);
			path = Handler;
			sourceTree = "<group>";
		};
		FA99B1B122A11C7600429AE3 /* Resources */ = {
			isa = PBXGroup;
			children = (
				FA32D5D2229BE758001CC9C0 /* Assets.xcassets */,
			);
			name = Resources;
			path = HeadyIOProducts/Resources;
			sourceTree = "<group>";
		};
		FA99B1B222A11C9200429AE3 /* View */ = {
			isa = PBXGroup;
			children = (
				FA32D5CD229BE757001CC9C0 /* ViewController.swift */,
				FA32D5CF229BE757001CC9C0 /* Main.storyboard */,
				FA32D5D4229BE758001CC9C0 /* LaunchScreen.storyboard */,
			);
			path = View;
			sourceTree = "<group>";
		};
		FA99B1B322A11FD600429AE3 /* Utils */ = {
			isa = PBXGroup;
			children = (
				FA99B1B422A11FFA00429AE3 /* Utilities.swift */,
			);
			path = Utils;
			sourceTree = "<group>";
		};
/* End PBXGroup section */

/* Begin PBXNativeTarget section */
		FA32D5C7229BE757001CC9C0 /* HeadyIOProducts */ = {
			isa = PBXNativeTarget;
			buildConfigurationList = FA32D5DA229BE758001CC9C0 /* Build configuration list for PBXNativeTarget "HeadyIOProducts" */;
			buildPhases = (
				FCA8E65D0F972216A0BAE9D1 /* [CP] Check Pods Manifest.lock */,
				FA32D5C4229BE757001CC9C0 /* Sources */,
				FA32D5C5229BE757001CC9C0 /* Frameworks */,
				FA32D5C6229BE757001CC9C0 /* Resources */,
				9EF6D2448909A79E70C41368 /* [CP] Embed Pods Frameworks */,
			);
			buildRules = (
			);
			dependencies = (
			);
			name = HeadyIOProducts;
			productName = HeadyIOProducts;
			productReference = FA32D5C8229BE757001CC9C0 /* HeadyIOProducts.app */;
			productType = "com.apple.product-type.application";
		};
/* End PBXNativeTarget section */

/* Begin PBXProject section */
		FA32D5C0229BE757001CC9C0 /* Project object */ = {
			isa = PBXProject;
			attributes = {
				LastSwiftUpdateCheck = 1010;
				LastUpgradeCheck = 1010;
				ORGANIZATIONNAME = DOT;
				TargetAttributes = {
					FA32D5C7229BE757001CC9C0 = {
						CreatedOnToolsVersion = 10.1;
					};
				};
			};
			buildConfigurationList = FA32D5C3229BE757001CC9C0 /* Build configuration list for PBXProject "HeadyIOProducts" */;
			compatibilityVersion = "Xcode 9.3";
			developmentRegion = en;
			hasScannedForEncodings = 0;
			knownRegions = (
				en,
				Base,
			);
			mainGroup = FA32D5BF229BE757001CC9C0;
			productRefGroup = FA32D5C9229BE757001CC9C0 /* Products */;
			projectDirPath = "";
			projectRoot = "";
			targets = (
				FA32D5C7229BE757001CC9C0 /* HeadyIOProducts */,
			);
		};
/* End PBXProject section */

/* Begin PBXResourcesBuildPhase section */
		FA32D5C6229BE757001CC9C0 /* Resources */ = {
			isa = PBXResourcesBuildPhase;
			buildActionMask = 2147483647;
			files = (
				FA32D5D6229BE758001CC9C0 /* LaunchScreen.storyboard in Resources */,
				FA32D5D3229BE758001CC9C0 /* Assets.xcassets in Resources */,
				FA32D5D1229BE757001CC9C0 /* Main.storyboard in Resources */,
			);
			runOnlyForDeploymentPostprocessing = 0;
		};
/* End PBXResourcesBuildPhase section */

/* Begin PBXShellScriptBuildPhase section */
		9EF6D2448909A79E70C41368 /* [CP] Embed Pods Frameworks */ = {
			isa = PBXShellScriptBuildPhase;
			buildActionMask = 2147483647;
			files = (
			);
			inputPaths = (
				"${SRCROOT}/Pods/Target Support Files/Pods-HeadyIOProducts/Pods-HeadyIOProducts-frameworks.sh",
				"${BUILT_PRODUCTS_DIR}/Realm/Realm.framework",
				"${BUILT_PRODUCTS_DIR}/RealmSwift/RealmSwift.framework",
			);
			name = "[CP] Embed Pods Frameworks";
			outputPaths = (
				"${TARGET_BUILD_DIR}/${FRAMEWORKS_FOLDER_PATH}/Realm.framework",
				"${TARGET_BUILD_DIR}/${FRAMEWORKS_FOLDER_PATH}/RealmSwift.framework",
			);
			runOnlyForDeploymentPostprocessing = 0;
			shellPath = /bin/sh;
			shellScript = "\"${SRCROOT}/Pods/Target Support Files/Pods-HeadyIOProducts/Pods-HeadyIOProducts-frameworks.sh\"\n";
			showEnvVarsInLog = 0;
		};
		FCA8E65D0F972216A0BAE9D1 /* [CP] Check Pods Manifest.lock */ = {
			isa = PBXShellScriptBuildPhase;
			buildActionMask = 2147483647;
			files = (
			);
			inputPaths = (
				"${PODS_PODFILE_DIR_PATH}/Podfile.lock",
				"${PODS_ROOT}/Manifest.lock",
			);
			name = "[CP] Check Pods Manifest.lock";
			outputPaths = (
				"$(DERIVED_FILE_DIR)/Pods-HeadyIOProducts-checkManifestLockResult.txt",
			);
			runOnlyForDeploymentPostprocessing = 0;
			shellPath = /bin/sh;
			shellScript = "diff \"${PODS_PODFILE_DIR_PATH}/Podfile.lock\" \"${PODS_ROOT}/Manifest.lock\" > /dev/null\nif [ $? != 0 ] ; then\n    # print error to STDERR\n    echo \"error: The sandbox is not in sync with the Podfile.lock. Run 'pod install' or update your CocoaPods installation.\" >&2\n    exit 1\nfi\n# This output is used by Xcode 'outputs' to avoid re-running this script phase.\necho \"SUCCESS\" > \"${SCRIPT_OUTPUT_FILE_0}\"\n";
			showEnvVarsInLog = 0;
		};
/* End PBXShellScriptBuildPhase section */

/* Begin PBXSourcesBuildPhase section */
		FA32D5C4229BE757001CC9C0 /* Sources */ = {
			isa = PBXSourcesBuildPhase;
			buildActionMask = 2147483647;
			files = (
				FA99B1AC22A113D500429AE3 /* ManagedObjectModel.swift in Sources */,
				FA450A39229BEC8800CD1CF6 /* NetworkManager.swift in Sources */,
				FA32D5CE229BE757001CC9C0 /* ViewController.swift in Sources */,
				FA32D5CC229BE757001CC9C0 /* AppDelegate.swift in Sources */,
				FA99B1A822A0338F00429AE3 /* ViewModel.swift in Sources */,
				FA99B1B022A114BD00429AE3 /* Handler.swift in Sources */,
				FA99B1B522A11FFA00429AE3 /* Utilities.swift in Sources */,
				FA450A41229C432B00CD1CF6 /* ServiceManager.swift in Sources */,
			);
			runOnlyForDeploymentPostprocessing = 0;
		};
/* End PBXSourcesBuildPhase section */

/* Begin PBXVariantGroup section */
		FA32D5CF229BE757001CC9C0 /* Main.storyboard */ = {
			isa = PBXVariantGroup;
			children = (
				FA32D5D0229BE757001CC9C0 /* Base */,
			);
			name = Main.storyboard;
			sourceTree = "<group>";
		};
		FA32D5D4229BE758001CC9C0 /* LaunchScreen.storyboard */ = {
			isa = PBXVariantGroup;
			children = (
				FA32D5D5229BE758001CC9C0 /* Base */,
			);
			name = LaunchScreen.storyboard;
			sourceTree = "<group>";
		};
/* End PBXVariantGroup section */

/* Begin XCBuildConfiguration section */
		FA32D5D8229BE758001CC9C0 /* Debug */ = {
			isa = XCBuildConfiguration;
			buildSettings = {
				ALWAYS_SEARCH_USER_PATHS = NO;
				CLANG_ANALYZER_NONNULL = YES;
				CLANG_ANALYZER_NUMBER_OBJECT_CONVERSION = YES_AGGRESSIVE;
				CLANG_CXX_LANGUAGE_STANDARD = "gnu++14";
				CLANG_CXX_LIBRARY = "libc++";
				CLANG_ENABLE_MODULES = YES;
				CLANG_ENABLE_OBJC_ARC = YES;
				CLANG_ENABLE_OBJC_WEAK = YES;
				CLANG_WARN_BLOCK_CAPTURE_AUTORELEASING = YES;
				CLANG_WARN_BOOL_CONVERSION = YES;
				CLANG_WARN_COMMA = YES;
				CLANG_WARN_CONSTANT_CONVERSION = YES;
				CLANG_WARN_DEPRECATED_OBJC_IMPLEMENTATIONS = YES;
				CLANG_WARN_DIRECT_OBJC_ISA_USAGE = YES_ERROR;
				CLANG_WARN_DOCUMENTATION_COMMENTS = YES;
				CLANG_WARN_EMPTY_BODY = YES;
				CLANG_WARN_ENUM_CONVERSION = YES;
				CLANG_WARN_INFINITE_RECURSION = YES;
				CLANG_WARN_INT_CONVERSION = YES;
				CLANG_WARN_NON_LITERAL_NULL_CONVERSION = YES;
				CLANG_WARN_OBJC_IMPLICIT_RETAIN_SELF = YES;
				CLANG_WARN_OBJC_LITERAL_CONVERSION = YES;
				CLANG_WARN_OBJC_ROOT_CLASS = YES_ERROR;
				CLANG_WARN_RANGE_LOOP_ANALYSIS = YES;
				CLANG_WARN_STRICT_PROTOTYPES = YES;
				CLANG_WARN_SUSPICIOUS_MOVE = YES;
				CLANG_WARN_UNGUARDED_AVAILABILITY = YES_AGGRESSIVE;
				CLANG_WARN_UNREACHABLE_CODE = YES;
				CLANG_WARN__DUPLICATE_METHOD_MATCH = YES;
				CODE_SIGN_IDENTITY = "iPhone Developer";
				COPY_PHASE_STRIP = NO;
				DEBUG_INFORMATION_FORMAT = dwarf;
				ENABLE_STRICT_OBJC_MSGSEND = YES;
				ENABLE_TESTABILITY = YES;
				GCC_C_LANGUAGE_STANDARD = gnu11;
				GCC_DYNAMIC_NO_PIC = NO;
				GCC_NO_COMMON_BLOCKS = YES;
				GCC_OPTIMIZATION_LEVEL = 0;
				GCC_PREPROCESSOR_DEFINITIONS = (
					"DEBUG=1",
					"$(inherited)",
				);
				GCC_WARN_64_TO_32_BIT_CONVERSION = YES;
				GCC_WARN_ABOUT_RETURN_TYPE = YES_ERROR;
				GCC_WARN_UNDECLARED_SELECTOR = YES;
				GCC_WARN_UNINITIALIZED_AUTOS = YES_AGGRESSIVE;
				GCC_WARN_UNUSED_FUNCTION = YES;
				GCC_WARN_UNUSED_VARIABLE = YES;
				IPHONEOS_DEPLOYMENT_TARGET = 12.1;
				MTL_ENABLE_DEBUG_INFO = INCLUDE_SOURCE;
				MTL_FAST_MATH = YES;
				ONLY_ACTIVE_ARCH = YES;
				SDKROOT = iphoneos;
				SWIFT_ACTIVE_COMPILATION_CONDITIONS = DEBUG;
				SWIFT_OPTIMIZATION_LEVEL = "-Onone";
			};
			name = Debug;
		};
		FA32D5D9229BE758001CC9C0 /* Release */ = {
			isa = XCBuildConfiguration;
			buildSettings = {
				ALWAYS_SEARCH_USER_PATHS = NO;
				CLANG_ANALYZER_NONNULL = YES;
				CLANG_ANALYZER_NUMBER_OBJECT_CONVERSION = YES_AGGRESSIVE;
				CLANG_CXX_LANGUAGE_STANDARD = "gnu++14";
				CLANG_CXX_LIBRARY = "libc++";
				CLANG_ENABLE_MODULES = YES;
				CLANG_ENABLE_OBJC_ARC = YES;
				CLANG_ENABLE_OBJC_WEAK = YES;
				CLANG_WARN_BLOCK_CAPTURE_AUTORELEASING = YES;
				CLANG_WARN_BOOL_CONVERSION = YES;
				CLANG_WARN_COMMA = YES;
				CLANG_WARN_CONSTANT_CONVERSION = YES;
				CLANG_WARN_DEPRECATED_OBJC_IMPLEMENTATIONS = YES;
				CLANG_WARN_DIRECT_OBJC_ISA_USAGE = YES_ERROR;
				CLANG_WARN_DOCUMENTATION_COMMENTS = YES;
				CLANG_WARN_EMPTY_BODY = YES;
				CLANG_WARN_ENUM_CONVERSION = YES;
				CLANG_WARN_INFINITE_RECURSION = YES;
				CLANG_WARN_INT_CONVERSION = YES;
				CLANG_WARN_NON_LITERAL_NULL_CONVERSION = YES;
				CLANG_WARN_OBJC_IMPLICIT_RETAIN_SELF = YES;
				CLANG_WARN_OBJC_LITERAL_CONVERSION = YES;
				CLANG_WARN_OBJC_ROOT_CLASS = YES_ERROR;
				CLANG_WARN_RANGE_LOOP_ANALYSIS = YES;
				CLANG_WARN_STRICT_PROTOTYPES = YES;
				CLANG_WARN_SUSPICIOUS_MOVE = YES;
				CLANG_WARN_UNGUARDED_AVAILABILITY = YES_AGGRESSIVE;
				CLANG_WARN_UNREACHABLE_CODE = YES;
				CLANG_WARN__DUPLICATE_METHOD_MATCH = YES;
				CODE_SIGN_IDENTITY = "iPhone Developer";
				COPY_PHASE_STRIP = NO;
				DEBUG_INFORMATION_FORMAT = "dwarf-with-dsym";
				ENABLE_NS_ASSERTIONS = NO;
				ENABLE_STRICT_OBJC_MSGSEND = YES;
				GCC_C_LANGUAGE_STANDARD = gnu11;
				GCC_NO_COMMON_BLOCKS = YES;
				GCC_WARN_64_TO_32_BIT_CONVERSION = YES;
				GCC_WARN_ABOUT_RETURN_TYPE = YES_ERROR;
				GCC_WARN_UNDECLARED_SELECTOR = YES;
				GCC_WARN_UNINITIALIZED_AUTOS = YES_AGGRESSIVE;
				GCC_WARN_UNUSED_FUNCTION = YES;
				GCC_WARN_UNUSED_VARIABLE = YES;
				IPHONEOS_DEPLOYMENT_TARGET = 12.1;
				MTL_ENABLE_DEBUG_INFO = NO;
				MTL_FAST_MATH = YES;
				SDKROOT = iphoneos;
				SWIFT_COMPILATION_MODE = wholemodule;
				SWIFT_OPTIMIZATION_LEVEL = "-O";
				VALIDATE_PRODUCT = YES;
			};
			name = Release;
		};
		FA32D5DB229BE758001CC9C0 /* Debug */ = {
			isa = XCBuildConfiguration;
			baseConfigurationReference = AF4F7B448706A4452CDFBA10 /* Pods-HeadyIOProducts.debug.xcconfig */;
			buildSettings = {
				ASSETCATALOG_COMPILER_APPICON_NAME = AppIcon;
				CODE_SIGN_STYLE = Automatic;
				DEVELOPMENT_TEAM = N6DH7VUMR4;
				INFOPLIST_FILE = HeadyIOProducts/Info.plist;
				LD_RUNPATH_SEARCH_PATHS = (
					"$(inherited)",
					"@executable_path/Frameworks",
				);
				PRODUCT_BUNDLE_IDENTIFIER = Norman.HeadyIOProducts;
				PRODUCT_NAME = "$(TARGET_NAME)";
				SWIFT_VERSION = 4.2;
				TARGETED_DEVICE_FAMILY = "1,2";
			};
			name = Debug;
		};
		FA32D5DC229BE758001CC9C0 /* Release */ = {
			isa = XCBuildConfiguration;
			baseConfigurationReference = B3B7B85E4AB2F2D927DC6FB0 /* Pods-HeadyIOProducts.release.xcconfig */;
			buildSettings = {
				ASSETCATALOG_COMPILER_APPICON_NAME = AppIcon;
				CODE_SIGN_STYLE = Automatic;
				DEVELOPMENT_TEAM = N6DH7VUMR4;
				INFOPLIST_FILE = HeadyIOProducts/Info.plist;
				LD_RUNPATH_SEARCH_PATHS = (
					"$(inherited)",
					"@executable_path/Frameworks",
				);
				PRODUCT_BUNDLE_IDENTIFIER = Norman.HeadyIOProducts;
				PRODUCT_NAME = "$(TARGET_NAME)";
				SWIFT_VERSION = 4.2;
				TARGETED_DEVICE_FAMILY = "1,2";
			};
			name = Release;
		};
/* End XCBuildConfiguration section */

/* Begin XCConfigurationList section */
		FA32D5C3229BE757001CC9C0 /* Build configuration list for PBXProject "HeadyIOProducts" */ = {
			isa = XCConfigurationList;
			buildConfigurations = (
				FA32D5D8229BE758001CC9C0 /* Debug */,
				FA32D5D9229BE758001CC9C0 /* Release */,
			);
			defaultConfigurationIsVisible = 0;
			defaultConfigurationName = Release;
		};
		FA32D5DA229BE758001CC9C0 /* Build configuration list for PBXNativeTarget "HeadyIOProducts" */ = {
			isa = XCConfigurationList;
			buildConfigurations = (
				FA32D5DB229BE758001CC9C0 /* Debug */,
				FA32D5DC229BE758001CC9C0 /* Release */,
			);
			defaultConfigurationIsVisible = 0;
			defaultConfigurationName = Release;
		};
/* End XCConfigurationList section */
	};
	rootObject = FA32D5C0229BE757001CC9C0 /* Project object */;
}
